
Microsoft Visual Studio Solution File, Format Version 12.00
# Visual Studio Version 16
VisualStudioVersion = 16.0.30717.126
MinimumVisualStudioVersion = 10.0.40219.1
Project("{FAE04EC0-301F-11D3-BF4B-00C04F79EFBC}") = "WorkingtimeCounter", "WorkingtimeCounter.csproj", "{F49518B5-A9C7-4806-8116-1CDF75A8229D}"
EndProject
Global
	GlobalSection(SolutionConfigurationPlatforms) = preSolution
		Debug|Any CPU = Debug|Any CPU
		Release|Any CPU = Release|Any CPU
	EndGlobalSection
	GlobalSection(ProjectConfigurationPlatforms) = postSolution
		{F49518B5-A9C7-4806-8116-1CDF75A8229D}.Debug|Any CPU.ActiveCfg = Debug|Any CPU
		{F49518B5-A9C7-4806-8116-1CDF75A8229D}.Debug|Any CPU.Build.0 = Debug|Any CPU
		{F49518B5-A9C7-4806-8116-1CDF75A8229D}.Release|Any CPU.ActiveCfg = Release|Any CPU
		{F49518B5-A9C7-4806-8116-1CDF75A8229D}.Release|Any CPU.Build.0 = Release|Any CPU
	EndGlobalSection
	GlobalSection(SolutionProperties) = preSolution
		HideSolutionNode = FALSE
	EndGlobalSection
	GlobalSection(ExtensibilityGlobals) = postSolution
		SolutionGuid = {C036640A-8A1E-42BD-A351-11FFAE96C9F9}
	EndGlobalSection
EndGlobal
